
Microsoft Visual Studio Solution File, Format Version 12.00
# Visual Studio Version 17
VisualStudioVersion = 17.8.34525.116
MinimumVisualStudioVersion = 10.0.40219.1
Project("{FAE04EC0-301F-11D3-BF4B-00C04F79EFBC}") = "DangKi", "DangKi.csproj", "{AFC476D4-96A1-482C-BBA5-6B76E4947F08}"
EndProject
Global
	GlobalSection(SolutionConfigurationPlatforms) = preSolution
		Debug|Any CPU = Debug|Any CPU
		Release|Any CPU = Release|Any CPU
	EndGlobalSection
	GlobalSection(ProjectConfigurationPlatforms) = postSolution
		{AFC476D4-96A1-482C-BBA5-6B76E4947F08}.Debug|Any CPU.ActiveCfg = Debug|Any CPU
		{AFC476D4-96A1-482C-BBA5-6B76E4947F08}.Debug|Any CPU.Build.0 = Debug|Any CPU
		{AFC476D4-96A1-482C-BBA5-6B76E4947F08}.Release|Any CPU.ActiveCfg = Release|Any CPU
		{AFC476D4-96A1-482C-BBA5-6B76E4947F08}.Release|Any CPU.Build.0 = Release|Any CPU
	EndGlobalSection
	GlobalSection(SolutionProperties) = preSolution
		HideSolutionNode = FALSE
	EndGlobalSection
	GlobalSection(ExtensibilityGlobals) = postSolution
		SolutionGuid = {13727F3B-DA89-41A9-AC1C-1261E22B4D2C}
	EndGlobalSection
EndGlobal
